
Microsoft Visual Studio Solution File, Format Version 12.00
# Visual Studio Version 17
VisualStudioVersion = 17.8.34511.84
MinimumVisualStudioVersion = 10.0.40219.1
Project("{FAE04EC0-301F-11D3-BF4B-00C04F79EFBC}") = "Logical-Operators", "Logical-Operators\Logical-Operators.csproj", "{D5B04D27-CEE7-4C86-BA54-DC7315C0BB18}"
EndProject
Global
	GlobalSection(SolutionConfigurationPlatforms) = preSolution
		Debug|Any CPU = Debug|Any CPU
		Release|Any CPU = Release|Any CPU
	EndGlobalSection
	GlobalSection(ProjectConfigurationPlatforms) = postSolution
		{D5B04D27-CEE7-4C86-BA54-DC7315C0BB18}.Debug|Any CPU.ActiveCfg = Debug|Any CPU
		{D5B04D27-CEE7-4C86-BA54-DC7315C0BB18}.Debug|Any CPU.Build.0 = Debug|Any CPU
		{D5B04D27-CEE7-4C86-BA54-DC7315C0BB18}.Release|Any CPU.ActiveCfg = Release|Any CPU
		{D5B04D27-CEE7-4C86-BA54-DC7315C0BB18}.Release|Any CPU.Build.0 = Release|Any CPU
	EndGlobalSection
	GlobalSection(SolutionProperties) = preSolution
		HideSolutionNode = FALSE
	EndGlobalSection
	GlobalSection(ExtensibilityGlobals) = postSolution
		SolutionGuid = {F167A24F-3580-43B8-9812-C988E818B19F}
	EndGlobalSection
EndGlobal
